lockfileVersion: '9.0'

settings:
  autoInstallPeers: true
  excludeLinksFromLockfile: false

importers:
  .:
    dependencies:
      next:
        specifier: 15.2.0
        version: 15.2.0
      react:
        specifier: 19.0.0
        version: 19.0.0
      react-dom:
        specifier: 19.0.0
        version: 19.0.0
    devDependencies:
      '@types/node':
        specifier: 22.13.9
        version: 22.13.9
      '@types/react':
        specifier: 19.0.10
        version: 19.0.10
      '@types/react-dom':
        specifier: 19.0.4
        version: 19.0.4
      '@typescript-eslint/eslint-plugin':
        specifier: 8.25.0
        version: 8.25.0
      '@typescript-eslint/parser':
        specifier: 8.25.0
        version: 8.25.0
      eslint:
        specifier: 8.57.1
        version: 8.57.1
      eslint-config-prettier:
        specifier: 10.0.1
        version: 10.0.1
      prettier:
        specifier: 3.5.2
        version: 3.5.2
      typescript:
        specifier: 5.8.2
        version: 5.8.2
      vitest:
        specifier: 3.0.7
        version: 3.0.7

packages: {}
